// !$*UTF8*$!
{
	archiveVersion = 1;
	classes = {
	};
	objectVersion = 56;
	objects = {

/* Begin PBXBuildFile section */
		20B13D039DB2FFD360A71A19 /* Pods_dreamyTests.framework in Frameworks */ = {isa = PBXBuildFile; fileRef = 9481FA9833853C9A436FF0BD /* Pods_dreamyTests.framework */; };
		943860D429E324F300F86A9F /* StoreDetailViewController.swift in Sources */ = {isa = PBXBuildFile; fileRef = 943860D329E324F300F86A9F /* StoreDetailViewController.swift */; };
		945D907A29D89383007F0FD2 /* ButtonCollectionViewCell.swift in Sources */ = {isa = PBXBuildFile; fileRef = 945D907929D89383007F0FD2 /* ButtonCollectionViewCell.swift */; };
		946336F529E97BFC002EC3DE /* LoginViewController.swift in Sources */ = {isa = PBXBuildFile; fileRef = 946336F429E97BFC002EC3DE /* LoginViewController.swift */; };
		946336F829EAF48F002EC3DE /* FoodSharingListVC.swift in Sources */ = {isa = PBXBuildFile; fileRef = 946336F729EAF48F002EC3DE /* FoodSharingListVC.swift */; };
		946336FA29EAF6FD002EC3DE /* FoodShareLoadDB.swift in Sources */ = {isa = PBXBuildFile; fileRef = 946336F929EAF6FD002EC3DE /* FoodShareLoadDB.swift */; };
		946336FC29EB07B2002EC3DE /* FoodSharingModel.swift in Sources */ = {isa = PBXBuildFile; fileRef = 946336FB29EB07B2002EC3DE /* FoodSharingModel.swift */; };
		946336FE29EB0933002EC3DE /* FoodSharingListCell.swift in Sources */ = {isa = PBXBuildFile; fileRef = 946336FD29EB0933002EC3DE /* FoodSharingListCell.swift */; };
		947C271529CF1DE600FDC3F8 /* libc++.tbd in Frameworks */ = {isa = PBXBuildFile; fileRef = 94BF454A29CF1D54002D855E /* libc++.tbd */; };
		947C271729CF1E0A00FDC3F8 /* libc++abi.tbd in Frameworks */ = {isa = PBXBuildFile; fileRef = 947C271629CF1E0A00FDC3F8 /* libc++abi.tbd */; };
		947C271A29CF2F5400FDC3F8 /* TableViewCell.swift in Sources */ = {isa = PBXBuildFile; fileRef = 947C271929CF2F5400FDC3F8 /* TableViewCell.swift */; };
		947C271D29CF2FE400FDC3F8 /* CustomBottomSheetVC.swift in Sources */ = {isa = PBXBuildFile; fileRef = 947C271C29CF2FE400FDC3F8 /* CustomBottomSheetVC.swift */; };
		947C272029CF38B500FDC3F8 /* Search.swift in Sources */ = {isa = PBXBuildFile; fileRef = 947C271F29CF38B500FDC3F8 /* Search.swift */; };
		947C272229CF395F00FDC3F8 /* MapPin.swift in Sources */ = {isa = PBXBuildFile; fileRef = 947C272129CF395F00FDC3F8 /* MapPin.swift */; };
		947C272429CF48F300FDC3F8 /* 1차_가게리스트.csv in Resources */ = {isa = PBXBuildFile; fileRef = 947C272329CF48F300FDC3F8 /* 1차_가게리스트.csv */; };
		947C272729CF589C00FDC3F8 /* Struct.swift in Sources */ = {isa = PBXBuildFile; fileRef = 947C272629CF589C00FDC3F8 /* Struct.swift */; };
		947C272929CF842F00FDC3F8 /* MapLoadDB.swift in Sources */ = {isa = PBXBuildFile; fileRef = 947C272829CF842F00FDC3F8 /* MapLoadDB.swift */; };
		94802D8A29CDD0120015AC3D /* AppDelegate.swift in Sources */ = {isa = PBXBuildFile; fileRef = 94802D8929CDD0120015AC3D /* AppDelegate.swift */; };
		94802D8C29CDD0120015AC3D /* SceneDelegate.swift in Sources */ = {isa = PBXBuildFile; fileRef = 94802D8B29CDD0120015AC3D /* SceneDelegate.swift */; };
		94802D8E29CDD0120015AC3D /* ViewController.swift in Sources */ = {isa = PBXBuildFile; fileRef = 94802D8D29CDD0120015AC3D /* ViewController.swift */; };
		94802D9129CDD0120015AC3D /* Main.storyboard in Resources */ = {isa = PBXBuildFile; fileRef = 94802D8F29CDD0120015AC3D /* Main.storyboard */; };
		94802D9429CDD0120015AC3D /* dreamy.xcdatamodeld in Sources */ = {isa = PBXBuildFile; fileRef = 94802D9229CDD0120015AC3D /* dreamy.xcdatamodeld */; };
		94802D9629CDD0130015AC3D /* Assets.xcassets in Resources */ = {isa = PBXBuildFile; fileRef = 94802D9529CDD0130015AC3D /* Assets.xcassets */; };
		94802D9929CDD0130015AC3D /* LaunchScreen.storyboard in Resources */ = {isa = PBXBuildFile; fileRef = 94802D9729CDD0130015AC3D /* LaunchScreen.storyboard */; };
		94802DA429CDD0130015AC3D /* dreamyTests.swift in Sources */ = {isa = PBXBuildFile; fileRef = 94802DA329CDD0130015AC3D /* dreamyTests.swift */; };
		94802DAE29CDD0130015AC3D /* dreamyUITests.swift in Sources */ = {isa = PBXBuildFile; fileRef = 94802DAD29CDD0130015AC3D /* dreamyUITests.swift */; };
		94802DB029CDD0130015AC3D /* dreamyUITestsLaunchTests.swift in Sources */ = {isa = PBXBuildFile; fileRef = 94802DAF29CDD0130015AC3D /* dreamyUITestsLaunchTests.swift */; };
		9480301829CDD1B10015AC3D /* map_pinup_custom@3x.png in Resources */ = {isa = PBXBuildFile; fileRef = 94802FF329CDD1B10015AC3D /* map_pinup_custom@3x.png */; };
		9480301929CDD1B10015AC3D /* map_pin_custom.png in Resources */ = {isa = PBXBuildFile; fileRef = 94802FF429CDD1B10015AC3D /* map_pin_custom.png */; };
		9480301A29CDD1B10015AC3D /* shadow_balloon.png in Resources */ = {isa = PBXBuildFile; fileRef = 94802FF529CDD1B10015AC3D /* shadow_balloon.png */; };
		9480301B29CDD1B10015AC3D /* map_pinup.png in Resources */ = {isa = PBXBuildFile; fileRef = 94802FF629CDD1B10015AC3D /* map_pinup.png */; };
		9480301C29CDD1B10015AC3D /* detail_button.png in Resources */ = {isa = PBXBuildFile; fileRef = 94802FF729CDD1B10015AC3D /* detail_button.png */; };
		9480301D29CDD1B10015AC3D /* map_pin_custom@3x.png in Resources */ = {isa = PBXBuildFile; fileRef = 94802FF829CDD1B10015AC3D /* map_pin_custom@3x.png */; };
		9480301E29CDD1B10015AC3D /* map_pinup@3x.png in Resources */ = {isa = PBXBuildFile; fileRef = 94802FF929CDD1B10015AC3D /* map_pinup@3x.png */; };
		9480301F29CDD1B10015AC3D /* map_pin_shadow@3x.png in Resources */ = {isa = PBXBuildFile; fileRef = 94802FFA29CDD1B10015AC3D /* map_pin_shadow@3x.png */; };
		9480302029CDD1B10015AC3D /* copyright.png in Resources */ = {isa = PBXBuildFile; fileRef = 94802FFB29CDD1B10015AC3D /* copyright.png */; };
		9480302129CDD1B10015AC3D /* th_line.png in Resources */ = {isa = PBXBuildFile; fileRef = 94802FFC29CDD1B10015AC3D /* th_line.png */; };
		9480302229CDD1B10015AC3D /* map_pin_red@3x.png in Resources */ = {isa = PBXBuildFile; fileRef = 94802FFD29CDD1B10015AC3D /* map_pin_red@3x.png */; };
		9480302329CDD1B10015AC3D /* daum_copyright.png in Resources */ = {isa = PBXBuildFile; fileRef = 94802FFE29CDD1B10015AC3D /* daum_copyright.png */; };
		9480302429CDD1B10015AC3D /* map_pin@3x.png in Resources */ = {isa = PBXBuildFile; fileRef = 94802FFF29CDD1B10015AC3D /* map_pin@3x.png */; };
		9480302529CDD1B10015AC3D /* map_present_tracking.png in Resources */ = {isa = PBXBuildFile; fileRef = 9480300029CDD1B10015AC3D /* map_present_tracking.png */; };
		9480302629CDD1B10015AC3D /* map_pin_red.png in Resources */ = {isa = PBXBuildFile; fileRef = 9480300129CDD1B10015AC3D /* map_pin_red.png */; };
		9480302729CDD1B10015AC3D /* info_box.png in Resources */ = {isa = PBXBuildFile; fileRef = 9480300B29CDD1B10015AC3D /* info_box.png */; };
		9480302829CDD1B10015AC3D /* point_sprite.png in Resources */ = {isa = PBXBuildFile; fileRef = 9480300C29CDD1B10015AC3D /* point_sprite.png */; };
		9480302929CDD1B10015AC3D /* map_pinup_custom.png in Resources */ = {isa = PBXBuildFile; fileRef = 9480300D29CDD1B10015AC3D /* map_pinup_custom.png */; };
		9480302A29CDD1B10015AC3D /* info_box_tail.png in Resources */ = {isa = PBXBuildFile; fileRef = 9480300E29CDD1B10015AC3D /* info_box_tail.png */; };
		9480302B29CDD1B10015AC3D /* noimage256.png in Resources */ = {isa = PBXBuildFile; fileRef = 9480300F29CDD1B10015AC3D /* noimage256.png */; };
		9480302C29CDD1B10015AC3D /* map_present_direction.png in Resources */ = {isa = PBXBuildFile; fileRef = 9480301029CDD1B10015AC3D /* map_present_direction.png */; };
		9480302D29CDD1B10015AC3D /* map_pin.png in Resources */ = {isa = PBXBuildFile; fileRef = 9480301129CDD1B10015AC3D /* map_pin.png */; };
		9480302E29CDD1B10015AC3D /* map_present.png in Resources */ = {isa = PBXBuildFile; fileRef = 9480301229CDD1B10015AC3D /* map_present.png */; };
		9480302F29CDD1B10015AC3D /* noimage.png in Resources */ = {isa = PBXBuildFile; fileRef = 9480301329CDD1B10015AC3D /* noimage.png */; };
		9480303029CDD1B10015AC3D /* map_present_background_update.png in Resources */ = {isa = PBXBuildFile; fileRef = 9480301429CDD1B10015AC3D /* map_present_background_update.png */; };
		9480303129CDD1B10015AC3D /* daum_th_line.png in Resources */ = {isa = PBXBuildFile; fileRef = 9480301529CDD1B10015AC3D /* daum_th_line.png */; };
		9480303229CDD1B10015AC3D /* map_pin_shadow.png in Resources */ = {isa = PBXBuildFile; fileRef = 9480301629CDD1B10015AC3D /* map_pin_shadow.png */; };
		9480303329CDD1B10015AC3D /* DaumMap.framework in Frameworks */ = {isa = PBXBuildFile; fileRef = 9480301729CDD1B10015AC3D /* DaumMap.framework */; };
		9480303629CDD23B0015AC3D /* Metal.framework in Frameworks */ = {isa = PBXBuildFile; fileRef = 9480303529CDD23B0015AC3D /* Metal.framework */; };
		9480303829CDD2460015AC3D /* SystemConfiguration.framework in Frameworks */ = {isa = PBXBuildFile; fileRef = 9480303729CDD2450015AC3D /* SystemConfiguration.framework */; };
		9480303A29CDD24D0015AC3D /* CoreLocation.framework in Frameworks */ = {isa = PBXBuildFile; fileRef = 9480303929CDD24C0015AC3D /* CoreLocation.framework */; };
		9480303C29CDD2540015AC3D /* QuartzCore.framework in Frameworks */ = {isa = PBXBuildFile; fileRef = 9480303B29CDD2530015AC3D /* QuartzCore.framework */; };
		9480304229CDD2970015AC3D /* libsqlite3.tbd in Frameworks */ = {isa = PBXBuildFile; fileRef = 9480304129CDD2850015AC3D /* libsqlite3.tbd */; };
		9480304429CDD6C40015AC3D /* DaumMap.framework in Frameworks */ = {isa = PBXBuildFile; fileRef = 9480301729CDD1B10015AC3D /* DaumMap.framework */; };
		9480304829CE073B0015AC3D /* MapViewController.swift in Sources */ = {isa = PBXBuildFile; fileRef = 9480304729CE073B0015AC3D /* MapViewController.swift */; };
		94BF454229CEF165002D855E /* TouchBlockIntrinsicPanelLayout.swift in Sources */ = {isa = PBXBuildFile; fileRef = 94BF454129CEF165002D855E /* TouchBlockIntrinsicPanelLayout.swift */; };
		94BF454429CEF41B002D855E /* BottomSheetViewController.swift in Sources */ = {isa = PBXBuildFile; fileRef = 94BF454329CEF41B002D855E /* BottomSheetViewController.swift */; };
		94BF454629CEF4AB002D855E /* SelfSizingTableView.swift in Sources */ = {isa = PBXBuildFile; fileRef = 94BF454529CEF4AB002D855E /* SelfSizingTableView.swift */; };
		94BF454829CF1BE5002D855E /* OpenGLES.framework in Frameworks */ = {isa = PBXBuildFile; fileRef = 94BF454729CF1BE5002D855E /* OpenGLES.framework */; };
		94BF454D29CF1DAF002D855E /* libxml2.tbd in Frameworks */ = {isa = PBXBuildFile; fileRef = 94BF454C29CF1D68002D855E /* libxml2.tbd */; };
		EB89301681AF71EBABA0D02A /* Pods_dreamy.framework in Frameworks */ = {isa = PBXBuildFile; fileRef = 2F8D638761698E0678212EC8 /* Pods_dreamy.framework */; };
		EEFEF409746F144DAC1981A9 /* Pods_dreamy_dreamyUITests.framework in Frameworks */ = {isa = PBXBuildFile; fileRef = 56E9606E2AFC4D7900B6856A /* Pods_dreamy_dreamyUITests.framework */; };
/* End PBXBuildFile section */

/* Begin PBXContainerItemProxy section */
		94802DA029CDD0130015AC3D /* PBXContainerItemProxy */ = {
			isa = PBXContainerItemProxy;
			containerPortal = 94802D7E29CDD0120015AC3D /* Project object */;
			proxyType = 1;
			remoteGlobalIDString = 94802D8529CDD0120015AC3D;
			remoteInfo = dreamy;
		};
		94802DAA29CDD0130015AC3D /* PBXContainerItemProxy */ = {
			isa = PBXContainerItemProxy;
			containerPortal = 94802D7E29CDD0120015AC3D /* Project object */;
			proxyType = 1;
			remoteGlobalIDString = 94802D8529CDD0120015AC3D;
			remoteInfo = dreamy;
		};
/* End PBXContainerItemProxy section */

/* Begin PBXFileReference section */
		0BB666D2082F4703B885DFAC /* Pods-dreamy.debug.xcconfig */ = {isa = PBXFileReference; includeInIndex = 1; lastKnownFileType = text.xcconfig; name = "Pods-dreamy.debug.xcconfig"; path = "Target Support Files/Pods-dreamy/Pods-dreamy.debug.xcconfig"; sourceTree = "<group>"; };
		0C4C9CAA0F08A80EF69A5AF1 /* Pods-dreamy.release.xcconfig */ = {isa = PBXFileReference; includeInIndex = 1; lastKnownFileType = text.xcconfig; name = "Pods-dreamy.release.xcconfig"; path = "Target Support Files/Pods-dreamy/Pods-dreamy.release.xcconfig"; sourceTree = "<group>"; };
		1070910227BB246771FC5C80 /* Pods-dreamyTests.release.xcconfig */ = {isa = PBXFileReference; includeInIndex = 1; lastKnownFileType = text.xcconfig; name = "Pods-dreamyTests.release.xcconfig"; path = "Target Support Files/Pods-dreamyTests/Pods-dreamyTests.release.xcconfig"; sourceTree = "<group>"; };
		2F8D638761698E0678212EC8 /* Pods_dreamy.framework */ = {isa = PBXFileReference; explicitFileType = wrapper.framework; includeInIndex = 0; path = Pods_dreamy.framework; sourceTree = BUILT_PRODUCTS_DIR; };
		56E9606E2AFC4D7900B6856A /* Pods_dreamy_dreamyUITests.framework */ = {isa = PBXFileReference; explicitFileType = wrapper.framework; includeInIndex = 0; path = Pods_dreamy_dreamyUITests.framework; sourceTree = BUILT_PRODUCTS_DIR; };
		5A062064C2845A79C5647E80 /* Pods-dreamy-dreamyUITests.release.xcconfig */ = {isa = PBXFileReference; includeInIndex = 1; lastKnownFileType = text.xcconfig; name = "Pods-dreamy-dreamyUITests.release.xcconfig"; path = "Target Support Files/Pods-dreamy-dreamyUITests/Pods-dreamy-dreamyUITests.release.xcconfig"; sourceTree = "<group>"; };
		5D5A8718F1E6943B207382B3 /* Pods-dreamyTests.debug.xcconfig */ = {isa = PBXFileReference; includeInIndex = 1; lastKnownFileType = text.xcconfig; name = "Pods-dreamyTests.debug.xcconfig"; path = "Target Support Files/Pods-dreamyTests/Pods-dreamyTests.debug.xcconfig"; sourceTree = "<group>"; };
		943860D329E324F300F86A9F /* StoreDetailViewController.swift */ = {isa = PBXFileReference; lastKnownFileType = sourcecode.swift; path = StoreDetailViewController.swift; sourceTree = "<group>"; };
		945D907929D89383007F0FD2 /* ButtonCollectionViewCell.swift */ = {isa = PBXFileReference; lastKnownFileType = sourcecode.swift; path = ButtonCollectionViewCell.swift; sourceTree = "<group>"; };
		946336F429E97BFC002EC3DE /* LoginViewController.swift */ = {isa = PBXFileReference; lastKnownFileType = sourcecode.swift; path = LoginViewController.swift; sourceTree = "<group>"; };
		946336F729EAF48F002EC3DE /* FoodSharingListVC.swift */ = {isa = PBXFileReference; lastKnownFileType = sourcecode.swift; path = FoodSharingListVC.swift; sourceTree = "<group>"; };
		946336F929EAF6FD002EC3DE /* FoodShareLoadDB.swift */ = {isa = PBXFileReference; lastKnownFileType = sourcecode.swift; path = FoodShareLoadDB.swift; sourceTree = "<group>"; };
		946336FB29EB07B2002EC3DE /* FoodSharingModel.swift */ = {isa = PBXFileReference; lastKnownFileType = sourcecode.swift; path = FoodSharingModel.swift; sourceTree = "<group>"; };
		946336FD29EB0933002EC3DE /* FoodSharingListCell.swift */ = {isa = PBXFileReference; lastKnownFileType = sourcecode.swift; path = FoodSharingListCell.swift; sourceTree = "<group>"; };
		947C271629CF1E0A00FDC3F8 /* libc++abi.tbd */ = {isa = PBXFileReference; lastKnownFileType = "sourcecode.text-based-dylib-definition"; name = "libc++abi.tbd"; path = "usr/lib/libc++abi.tbd"; sourceTree = SDKROOT; };
		947C271929CF2F5400FDC3F8 /* TableViewCell.swift */ = {isa = PBXFileReference; lastKnownFileType = sourcecode.swift; path = TableViewCell.swift; sourceTree = "<group>"; };
		947C271C29CF2FE400FDC3F8 /* CustomBottomSheetVC.swift */ = {isa = PBXFileReference; lastKnownFileType = sourcecode.swift; path = CustomBottomSheetVC.swift; sourceTree = "<group>"; };
		947C271F29CF38B500FDC3F8 /* Search.swift */ = {isa = PBXFileReference; lastKnownFileType = sourcecode.swift; path = Search.swift; sourceTree = "<group>"; };
		947C272129CF395F00FDC3F8 /* MapPin.swift */ = {isa = PBXFileReference; lastKnownFileType = sourcecode.swift; path = MapPin.swift; sourceTree = "<group>"; };
		947C272329CF48F300FDC3F8 /* 1차_가게리스트.csv */ = {isa = PBXFileReference; fileEncoding = 4; lastKnownFileType = text; name = "1차_가게리스트.csv"; path = "../../../../Downloads/1차_가게리스트.csv"; sourceTree = "<group>"; };
		947C272629CF589C00FDC3F8 /* Struct.swift */ = {isa = PBXFileReference; lastKnownFileType = sourcecode.swift; path = Struct.swift; sourceTree = "<group>"; };
		947C272829CF842F00FDC3F8 /* MapLoadDB.swift */ = {isa = PBXFileReference; lastKnownFileType = sourcecode.swift; path = MapLoadDB.swift; sourceTree = "<group>"; };
		94802D8629CDD0120015AC3D /* dreamy.app */ = {isa = PBXFileReference; explicitFileType = wrapper.application; includeInIndex = 0; path = dreamy.app; sourceTree = BUILT_PRODUCTS_DIR; };
		94802D8929CDD0120015AC3D /* AppDelegate.swift */ = {isa = PBXFileReference; lastKnownFileType = sourcecode.swift; path = AppDelegate.swift; sourceTree = "<group>"; };
		94802D8B29CDD0120015AC3D /* SceneDelegate.swift */ = {isa = PBXFileReference; lastKnownFileType = sourcecode.swift; path = SceneDelegate.swift; sourceTree = "<group>"; };
		94802D8D29CDD0120015AC3D /* ViewController.swift */ = {isa = PBXFileReference; lastKnownFileType = sourcecode.swift; path = ViewController.swift; sourceTree = "<group>"; };
		94802D9029CDD0120015AC3D /* Base */ = {isa = PBXFileReference; lastKnownFileType = file.storyboard; name = Base; path = Base.lproj/Main.storyboard; sourceTree = "<group>"; };
		94802D9329CDD0120015AC3D /* dreamy.xcdatamodel */ = {isa = PBXFileReference; lastKnownFileType = wrapper.xcdatamodel; path = dreamy.xcdatamodel; sourceTree = "<group>"; };
		94802D9529CDD0130015AC3D /* Assets.xcassets */ = {isa = PBXFileReference; lastKnownFileType = folder.assetcatalog; path = Assets.xcassets; sourceTree = "<group>"; };
		94802D9829CDD0130015AC3D /* Base */ = {isa = PBXFileReference; lastKnownFileType = file.storyboard; name = Base; path = Base.lproj/LaunchScreen.storyboard; sourceTree = "<group>"; };
		94802D9A29CDD0130015AC3D /* Info.plist */ = {isa = PBXFileReference; lastKnownFileType = text.plist.xml; path = Info.plist; sourceTree = "<group>"; };
		94802D9F29CDD0130015AC3D /* dreamyTests.xctest */ = {isa = PBXFileReference; explicitFileType = wrapper.cfbundle; includeInIndex = 0; path = dreamyTests.xctest; sourceTree = BUILT_PRODUCTS_DIR; };
		94802DA329CDD0130015AC3D /* dreamyTests.swift */ = {isa = PBXFileReference; lastKnownFileType = sourcecode.swift; path = dreamyTests.swift; sourceTree = "<group>"; };
		94802DA929CDD0130015AC3D /* dreamyUITests.xctest */ = {isa = PBXFileReference; explicitFileType = wrapper.cfbundle; includeInIndex = 0; path = dreamyUITests.xctest; sourceTree = BUILT_PRODUCTS_DIR; };
		94802DAD29CDD0130015AC3D /* dreamyUITests.swift */ = {isa = PBXFileReference; lastKnownFileType = sourcecode.swift; path = dreamyUITests.swift; sourceTree = "<group>"; };
		94802DAF29CDD0130015AC3D /* dreamyUITestsLaunchTests.swift */ = {isa = PBXFileReference; lastKnownFileType = sourcecode.swift; path = dreamyUITestsLaunchTests.swift; sourceTree = "<group>"; };
		94802FF329CDD1B10015AC3D /* map_pinup_custom@3x.png */ = {isa = PBXFileReference; lastKnownFileType = image.png; path = "map_pinup_custom@3x.png"; sourceTree = "<group>"; };
		94802FF429CDD1B10015AC3D /* map_pin_custom.png */ = {isa = PBXFileReference; lastKnownFileType = image.png; path = map_pin_custom.png; sourceTree = "<group>"; };
		94802FF529CDD1B10015AC3D /* shadow_balloon.png */ = {isa = PBXFileReference; lastKnownFileType = image.png; path = shadow_balloon.png; sourceTree = "<group>"; };
		94802FF629CDD1B10015AC3D /* map_pinup.png */ = {isa = PBXFileReference; lastKnownFileType = image.png; path = map_pinup.png; sourceTree = "<group>"; };
		94802FF729CDD1B10015AC3D /* detail_button.png */ = {isa = PBXFileReference; lastKnownFileType = image.png; path = detail_button.png; sourceTree = "<group>"; };
		94802FF829CDD1B10015AC3D /* map_pin_custom@3x.png */ = {isa = PBXFileReference; lastKnownFileType = image.png; path = "map_pin_custom@3x.png"; sourceTree = "<group>"; };
		94802FF929CDD1B10015AC3D /* map_pinup@3x.png */ = {isa = PBXFileReference; lastKnownFileType = image.png; path = "map_pinup@3x.png"; sourceTree = "<group>"; };
		94802FFA29CDD1B10015AC3D /* map_pin_shadow@3x.png */ = {isa = PBXFileReference; lastKnownFileType = image.png; path = "map_pin_shadow@3x.png"; sourceTree = "<group>"; };
		94802FFB29CDD1B10015AC3D /* copyright.png */ = {isa = PBXFileReference; lastKnownFileType = image.png; path = copyright.png; sourceTree = "<group>"; };
		94802FFC29CDD1B10015AC3D /* th_line.png */ = {isa = PBXFileReference; lastKnownFileType = image.png; path = th_line.png; sourceTree = "<group>"; };
		94802FFD29CDD1B10015AC3D /* map_pin_red@3x.png */ = {isa = PBXFileReference; lastKnownFileType = image.png; path = "map_pin_red@3x.png"; sourceTree = "<group>"; };
		94802FFE29CDD1B10015AC3D /* daum_copyright.png */ = {isa = PBXFileReference; lastKnownFileType = image.png; path = daum_copyright.png; sourceTree = "<group>"; };
		94802FFF29CDD1B10015AC3D /* map_pin@3x.png */ = {isa = PBXFileReference; lastKnownFileType = image.png; path = "map_pin@3x.png"; sourceTree = "<group>"; };
		9480300029CDD1B10015AC3D /* map_present_tracking.png */ = {isa = PBXFileReference; lastKnownFileType = image.png; path = map_present_tracking.png; sourceTree = "<group>"; };
		9480300129CDD1B10015AC3D /* map_pin_red.png */ = {isa = PBXFileReference; lastKnownFileType = image.png; path = map_pin_red.png; sourceTree = "<group>"; };
		9480300329CDD1B10015AC3D /* MTMapPOIItem.h */ = {isa = PBXFileReference; fileEncoding = 4; lastKnownFileType = sourcecode.c.h; path = MTMapPOIItem.h; sourceTree = "<group>"; };
		9480300429CDD1B10015AC3D /* MTMapCameraUpdate.h */ = {isa = PBXFileReference; fileEncoding = 4; lastKnownFileType = sourcecode.c.h; path = MTMapCameraUpdate.h; sourceTree = "<group>"; };
		9480300529CDD1B10015AC3D /* MTMapReverseGeoCoder.h */ = {isa = PBXFileReference; fileEncoding = 4; lastKnownFileType = sourcecode.c.h; path = MTMapReverseGeoCoder.h; sourceTree = "<group>"; };
		9480300629CDD1B10015AC3D /* MTMapPolyline.h */ = {isa = PBXFileReference; fileEncoding = 4; lastKnownFileType = sourcecode.c.h; path = MTMapPolyline.h; sourceTree = "<group>"; };
		9480300729CDD1B10015AC3D /* MTMapLocationMarkerItem.h */ = {isa = PBXFileReference; fileEncoding = 4; lastKnownFileType = sourcecode.c.h; path = MTMapLocationMarkerItem.h; sourceTree = "<group>"; };
		9480300829CDD1B10015AC3D /* MTMapView.h */ = {isa = PBXFileReference; fileEncoding = 4; lastKnownFileType = sourcecode.c.h; path = MTMapView.h; sourceTree = "<group>"; };
		9480300929CDD1B10015AC3D /* MTMapGeometry.h */ = {isa = PBXFileReference; fileEncoding = 4; lastKnownFileType = sourcecode.c.h; path = MTMapGeometry.h; sourceTree = "<group>"; };
		9480300A29CDD1B10015AC3D /* MTMapCircle.h */ = {isa = PBXFileReference; fileEncoding = 4; lastKnownFileType = sourcecode.c.h; path = MTMapCircle.h; sourceTree = "<group>"; };
		9480300B29CDD1B10015AC3D /* info_box.png */ = {isa = PBXFileReference; lastKnownFileType = image.png; path = info_box.png; sourceTree = "<group>"; };
		9480300C29CDD1B10015AC3D /* point_sprite.png */ = {isa = PBXFileReference; lastKnownFileType = image.png; path = point_sprite.png; sourceTree = "<group>"; };
		9480300D29CDD1B10015AC3D /* map_pinup_custom.png */ = {isa = PBXFileReference; lastKnownFileType = image.png; path = map_pinup_custom.png; sourceTree = "<group>"; };
		9480300E29CDD1B10015AC3D /* info_box_tail.png */ = {isa = PBXFileReference; lastKnownFileType = image.png; path = info_box_tail.png; sourceTree = "<group>"; };
		9480300F29CDD1B10015AC3D /* noimage256.png */ = {isa = PBXFileReference; lastKnownFileType = image.png; path = noimage256.png; sourceTree = "<group>"; };
		9480301029CDD1B10015AC3D /* map_present_direction.png */ = {isa = PBXFileReference; lastKnownFileType = image.png; path = map_present_direction.png; sourceTree = "<group>"; };
		9480301129CDD1B10015AC3D /* map_pin.png */ = {isa = PBXFileReference; lastKnownFileType = image.png; path = map_pin.png; sourceTree = "<group>"; };
		9480301229CDD1B10015AC3D /* map_present.png */ = {isa = PBXFileReference; lastKnownFileType = image.png; path = map_present.png; sourceTree = "<group>"; };
		9480301329CDD1B10015AC3D /* noimage.png */ = {isa = PBXFileReference; lastKnownFileType = image.png; path = noimage.png; sourceTree = "<group>"; };
		9480301429CDD1B10015AC3D /* map_present_background_update.png */ = {isa = PBXFileReference; lastKnownFileType = image.png; path = map_present_background_update.png; sourceTree = "<group>"; };
		9480301529CDD1B10015AC3D /* daum_th_line.png */ = {isa = PBXFileReference; lastKnownFileType = image.png; path = daum_th_line.png; sourceTree = "<group>"; };
		9480301629CDD1B10015AC3D /* map_pin_shadow.png */ = {isa = PBXFileReference; lastKnownFileType = image.png; path = map_pin_shadow.png; sourceTree = "<group>"; };
		9480301729CDD1B10015AC3D /* DaumMap.framework */ = {isa = PBXFileReference; lastKnownFileType = wrapper.framework; path = DaumMap.framework; sourceTree = "<group>"; };
		9480303529CDD23B0015AC3D /* Metal.framework */ = {isa = PBXFileReference; lastKnownFileType = wrapper.framework; name = Metal.framework; path = System/Library/Frameworks/Metal.framework; sourceTree = SDKROOT; };
		9480303729CDD2450015AC3D /* SystemConfiguration.framework */ = {isa = PBXFileReference; lastKnownFileType = wrapper.framework; name = SystemConfiguration.framework; path = System/Library/Frameworks/SystemConfiguration.framework; sourceTree = SDKROOT; };
		9480303929CDD24C0015AC3D /* CoreLocation.framework */ = {isa = PBXFileReference; lastKnownFileType = wrapper.framework; name = CoreLocation.framework; path = System/Library/Frameworks/CoreLocation.framework; sourceTree = SDKROOT; };
		9480303B29CDD2530015AC3D /* QuartzCore.framework */ = {isa = PBXFileReference; lastKnownFileType = wrapper.framework; name = QuartzCore.framework; path = System/Library/Frameworks/QuartzCore.framework; sourceTree = SDKROOT; };
		9480304129CDD2850015AC3D /* libsqlite3.tbd */ = {isa = PBXFileReference; lastKnownFileType = "sourcecode.text-based-dylib-definition"; name = libsqlite3.tbd; path = usr/lib/libsqlite3.tbd; sourceTree = SDKROOT; };
		9480304329CDD3490015AC3D /* dreamy-bridging-header.h */ = {isa = PBXFileReference; lastKnownFileType = sourcecode.c.h; path = "dreamy-bridging-header.h"; sourceTree = "<group>"; };
		9480304729CE073B0015AC3D /* MapViewController.swift */ = {isa = PBXFileReference; lastKnownFileType = sourcecode.swift; path = MapViewController.swift; sourceTree = "<group>"; };
		9481FA9833853C9A436FF0BD /* Pods_dreamyTests.framework */ = {isa = PBXFileReference; explicitFileType = wrapper.framework; includeInIndex = 0; path = Pods_dreamyTests.framework; sourceTree = BUILT_PRODUCTS_DIR; };
		94BF454129CEF165002D855E /* TouchBlockIntrinsicPanelLayout.swift */ = {isa = PBXFileReference; lastKnownFileType = sourcecode.swift; path = TouchBlockIntrinsicPanelLayout.swift; sourceTree = "<group>"; };
		94BF454329CEF41B002D855E /* BottomSheetViewController.swift */ = {isa = PBXFileReference; lastKnownFileType = sourcecode.swift; path = BottomSheetViewController.swift; sourceTree = "<group>"; };
		94BF454529CEF4AB002D855E /* SelfSizingTableView.swift */ = {isa = PBXFileReference; lastKnownFileType = sourcecode.swift; path = SelfSizingTableView.swift; sourceTree = "<group>"; };
		94BF454729CF1BE5002D855E /* OpenGLES.framework */ = {isa = PBXFileReference; lastKnownFileType = wrapper.framework; name = OpenGLES.framework; path = System/Library/Frameworks/OpenGLES.framework; sourceTree = SDKROOT; };
		94BF454A29CF1D54002D855E /* libc++.tbd */ = {isa = PBXFileReference; lastKnownFileType = "sourcecode.text-based-dylib-definition"; name = "libc++.tbd"; path = "usr/lib/libc++.tbd"; sourceTree = SDKROOT; };
		94BF454C29CF1D68002D855E /* libxml2.tbd */ = {isa = PBXFileReference; lastKnownFileType = "sourcecode.text-based-dylib-definition"; name = libxml2.tbd; path = usr/lib/libxml2.tbd; sourceTree = SDKROOT; };
		EF639CE75FA8C0A26E63A510 /* Pods-dreamy-dreamyUITests.debug.xcconfig */ = {isa = PBXFileReference; includeInIndex = 1; lastKnownFileType = text.xcconfig; name = "Pods-dreamy-dreamyUITests.debug.xcconfig"; path = "Target Support Files/Pods-dreamy-dreamyUITests/Pods-dreamy-dreamyUITests.debug.xcconfig"; sourceTree = "<group>"; };
/* End PBXFileReference section */

/* Begin PBXFrameworksBuildPhase section */
		94802D8329CDD0120015AC3D /* Frameworks */ = {
			isa = PBXFrameworksBuildPhase;
			buildActionMask = 2147483647;
			files = (
				947C271729CF1E0A00FDC3F8 /* libc++abi.tbd in Frameworks */,
				947C271529CF1DE600FDC3F8 /* libc++.tbd in Frameworks */,
				94BF454D29CF1DAF002D855E /* libxml2.tbd in Frameworks */,
				94BF454829CF1BE5002D855E /* OpenGLES.framework in Frameworks */,
				9480303329CDD1B10015AC3D /* DaumMap.framework in Frameworks */,
				9480303A29CDD24D0015AC3D /* CoreLocation.framework in Frameworks */,
				9480304229CDD2970015AC3D /* libsqlite3.tbd in Frameworks */,
				9480303C29CDD2540015AC3D /* QuartzCore.framework in Frameworks */,
				9480303629CDD23B0015AC3D /* Metal.framework in Frameworks */,
				9480304429CDD6C40015AC3D /* DaumMap.framework in Frameworks */,
				9480303829CDD2460015AC3D /* SystemConfiguration.framework in Frameworks */,
				EB89301681AF71EBABA0D02A /* Pods_dreamy.framework in Frameworks */,
			);
			runOnlyForDeploymentPostprocessing = 0;
		};
		94802D9C29CDD0130015AC3D /* Frameworks */ = {
			isa = PBXFrameworksBuildPhase;
			buildActionMask = 2147483647;
			files = (
				20B13D039DB2FFD360A71A19 /* Pods_dreamyTests.framework in Frameworks */,
			);
			runOnlyForDeploymentPostprocessing = 0;
		};
		94802DA629CDD0130015AC3D /* Frameworks */ = {
			isa = PBXFrameworksBuildPhase;
			buildActionMask = 2147483647;
			files = (
				EEFEF409746F144DAC1981A9 /* Pods_dreamy_dreamyUITests.framework in Frameworks */,
			);
			runOnlyForDeploymentPostprocessing = 0;
		};
/* End PBXFrameworksBuildPhase section */

/* Begin PBXGroup section */
		946336F329E97B83002EC3DE /* Login */ = {
			isa = PBXGroup;
			children = (
				946336F429E97BFC002EC3DE /* LoginViewController.swift */,
			);
			path = Login;
			sourceTree = "<group>";
		};
		946336F629EAF478002EC3DE /* FoodSharing */ = {
			isa = PBXGroup;
			children = (
				946336F729EAF48F002EC3DE /* FoodSharingListVC.swift */,
				946336FB29EB07B2002EC3DE /* FoodSharingModel.swift */,
				946336FD29EB0933002EC3DE /* FoodSharingListCell.swift */,
			);
			path = FoodSharing;
			sourceTree = "<group>";
		};
		947C271829CF2CD400FDC3F8 /* CustomBottomSheet */ = {
			isa = PBXGroup;
			children = (
				947C271929CF2F5400FDC3F8 /* TableViewCell.swift */,
				947C271C29CF2FE400FDC3F8 /* CustomBottomSheetVC.swift */,
				943860D329E324F300F86A9F /* StoreDetailViewController.swift */,
			);
			path = CustomBottomSheet;
			sourceTree = "<group>";
		};
		947C271E29CF389700FDC3F8 /* KakaoMap */ = {
			isa = PBXGroup;
			children = (
				947C271F29CF38B500FDC3F8 /* Search.swift */,
				947C272129CF395F00FDC3F8 /* MapPin.swift */,
				945D907929D89383007F0FD2 /* ButtonCollectionViewCell.swift */,
			);
			path = KakaoMap;
			sourceTree = "<group>";
		};
		947C272529CF587200FDC3F8 /* Common */ = {
			isa = PBXGroup;
			children = (
				947C272629CF589C00FDC3F8 /* Struct.swift */,
				947C272829CF842F00FDC3F8 /* MapLoadDB.swift */,
				946336F929EAF6FD002EC3DE /* FoodShareLoadDB.swift */,
			);
			path = Common;
			sourceTree = "<group>";
		};
		947C272A29D203DA00FDC3F8 /* Map */ = {
			isa = PBXGroup;
			children = (
				947C271E29CF389700FDC3F8 /* KakaoMap */,
				947C271829CF2CD400FDC3F8 /* CustomBottomSheet */,
				94BF454029CEF133002D855E /* BottomSheet */,
				9480304729CE073B0015AC3D /* MapViewController.swift */,
			);
			path = Map;
			sourceTree = "<group>";
		};
		94802D7D29CDD0120015AC3D = {
			isa = PBXGroup;
			children = (
				94802D8829CDD0120015AC3D /* dreamy */,
				94802DA229CDD0130015AC3D /* dreamyTests */,
				94802DAC29CDD0130015AC3D /* dreamyUITests */,
				94802D8729CDD0120015AC3D /* Products */,
				9480303429CDD23B0015AC3D /* Frameworks */,
				DEE4D7C81D3316DCD91B15BF /* Pods */,
			);
			sourceTree = "<group>";
		};
		94802D8729CDD0120015AC3D /* Products */ = {
			isa = PBXGroup;
			children = (
				94802D8629CDD0120015AC3D /* dreamy.app */,
				94802D9F29CDD0130015AC3D /* dreamyTests.xctest */,
				94802DA929CDD0130015AC3D /* dreamyUITests.xctest */,
			);
			name = Products;
			sourceTree = "<group>";
		};
		94802D8829CDD0120015AC3D /* dreamy */ = {
			isa = PBXGroup;
			children = (
				946336F629EAF478002EC3DE /* FoodSharing */,
				946336F329E97B83002EC3DE /* Login */,
				947C272A29D203DA00FDC3F8 /* Map */,
				947C272529CF587200FDC3F8 /* Common */,
				94802D8929CDD0120015AC3D /* AppDelegate.swift */,
				94802D8B29CDD0120015AC3D /* SceneDelegate.swift */,
				94802D8D29CDD0120015AC3D /* ViewController.swift */,
				94802D8F29CDD0120015AC3D /* Main.storyboard */,
				94802D9529CDD0130015AC3D /* Assets.xcassets */,
				94802D9729CDD0130015AC3D /* LaunchScreen.storyboard */,
				94802D9A29CDD0130015AC3D /* Info.plist */,
				94802D9229CDD0120015AC3D /* dreamy.xcdatamodeld */,
				9480304329CDD3490015AC3D /* dreamy-bridging-header.h */,
				947C272329CF48F300FDC3F8 /* 1차_가게리스트.csv */,
			);
			path = dreamy;
			sourceTree = "<group>";
		};
		94802DA229CDD0130015AC3D /* dreamyTests */ = {
			isa = PBXGroup;
			children = (
				94802DA329CDD0130015AC3D /* dreamyTests.swift */,
			);
			path = dreamyTests;
			sourceTree = "<group>";
		};
		94802DAC29CDD0130015AC3D /* dreamyUITests */ = {
			isa = PBXGroup;
			children = (
				94802DAD29CDD0130015AC3D /* dreamyUITests.swift */,
				94802DAF29CDD0130015AC3D /* dreamyUITestsLaunchTests.swift */,
			);
			path = dreamyUITests;
			sourceTree = "<group>";
		};
		94802FF129CDD1B10015AC3D /* DaumMap.embeddedframework */ = {
			isa = PBXGroup;
			children = (
				94802FF229CDD1B10015AC3D /* Resources */,
				9480301729CDD1B10015AC3D /* DaumMap.framework */,
			);
			path = DaumMap.embeddedframework;
			sourceTree = "<group>";
		};
		94802FF229CDD1B10015AC3D /* Resources */ = {
			isa = PBXGroup;
			children = (
				94802FF329CDD1B10015AC3D /* map_pinup_custom@3x.png */,
				94802FF429CDD1B10015AC3D /* map_pin_custom.png */,
				94802FF529CDD1B10015AC3D /* shadow_balloon.png */,
				94802FF629CDD1B10015AC3D /* map_pinup.png */,
				94802FF729CDD1B10015AC3D /* detail_button.png */,
				94802FF829CDD1B10015AC3D /* map_pin_custom@3x.png */,
				94802FF929CDD1B10015AC3D /* map_pinup@3x.png */,
				94802FFA29CDD1B10015AC3D /* map_pin_shadow@3x.png */,
				94802FFB29CDD1B10015AC3D /* copyright.png */,
				94802FFC29CDD1B10015AC3D /* th_line.png */,
				94802FFD29CDD1B10015AC3D /* map_pin_red@3x.png */,
				94802FFE29CDD1B10015AC3D /* daum_copyright.png */,
				94802FFF29CDD1B10015AC3D /* map_pin@3x.png */,
				9480300029CDD1B10015AC3D /* map_present_tracking.png */,
				9480300129CDD1B10015AC3D /* map_pin_red.png */,
				9480300229CDD1B10015AC3D /* Headers */,
				9480300B29CDD1B10015AC3D /* info_box.png */,
				9480300C29CDD1B10015AC3D /* point_sprite.png */,
				9480300D29CDD1B10015AC3D /* map_pinup_custom.png */,
				9480300E29CDD1B10015AC3D /* info_box_tail.png */,
				9480300F29CDD1B10015AC3D /* noimage256.png */,
				9480301029CDD1B10015AC3D /* map_present_direction.png */,
				9480301129CDD1B10015AC3D /* map_pin.png */,
				9480301229CDD1B10015AC3D /* map_present.png */,
				9480301329CDD1B10015AC3D /* noimage.png */,
				9480301429CDD1B10015AC3D /* map_present_background_update.png */,
				9480301529CDD1B10015AC3D /* daum_th_line.png */,
				9480301629CDD1B10015AC3D /* map_pin_shadow.png */,
			);
			path = Resources;
			sourceTree = "<group>";
		};
		9480300229CDD1B10015AC3D /* Headers */ = {
			isa = PBXGroup;
			children = (
				9480300329CDD1B10015AC3D /* MTMapPOIItem.h */,
				9480300429CDD1B10015AC3D /* MTMapCameraUpdate.h */,
				9480300529CDD1B10015AC3D /* MTMapReverseGeoCoder.h */,
				9480300629CDD1B10015AC3D /* MTMapPolyline.h */,
				9480300729CDD1B10015AC3D /* MTMapLocationMarkerItem.h */,
				9480300829CDD1B10015AC3D /* MTMapView.h */,
				9480300929CDD1B10015AC3D /* MTMapGeometry.h */,
				9480300A29CDD1B10015AC3D /* MTMapCircle.h */,
			);
			path = Headers;
			sourceTree = "<group>";
		};
		9480303429CDD23B0015AC3D /* Frameworks */ = {
			isa = PBXGroup;
			children = (
				947C271629CF1E0A00FDC3F8 /* libc++abi.tbd */,
				94BF454C29CF1D68002D855E /* libxml2.tbd */,
				94BF454A29CF1D54002D855E /* libc++.tbd */,
				94BF454729CF1BE5002D855E /* OpenGLES.framework */,
				94802FF129CDD1B10015AC3D /* DaumMap.embeddedframework */,
				9480304129CDD2850015AC3D /* libsqlite3.tbd */,
				9480303B29CDD2530015AC3D /* QuartzCore.framework */,
				9480303929CDD24C0015AC3D /* CoreLocation.framework */,
				9480303729CDD2450015AC3D /* SystemConfiguration.framework */,
				9480303529CDD23B0015AC3D /* Metal.framework */,
				2F8D638761698E0678212EC8 /* Pods_dreamy.framework */,
				56E9606E2AFC4D7900B6856A /* Pods_dreamy_dreamyUITests.framework */,
				9481FA9833853C9A436FF0BD /* Pods_dreamyTests.framework */,
			);
			name = Frameworks;
			sourceTree = "<group>";
		};
		94BF454029CEF133002D855E /* BottomSheet */ = {
			isa = PBXGroup;
			children = (
				94BF454129CEF165002D855E /* TouchBlockIntrinsicPanelLayout.swift */,
				94BF454329CEF41B002D855E /* BottomSheetViewController.swift */,
				94BF454529CEF4AB002D855E /* SelfSizingTableView.swift */,
			);
			path = BottomSheet;
			sourceTree = "<group>";
		};
		DEE4D7C81D3316DCD91B15BF /* Pods */ = {
			isa = PBXGroup;
			children = (
				0BB666D2082F4703B885DFAC /* Pods-dreamy.debug.xcconfig */,
				0C4C9CAA0F08A80EF69A5AF1 /* Pods-dreamy.release.xcconfig */,
				EF639CE75FA8C0A26E63A510 /* Pods-dreamy-dreamyUITests.debug.xcconfig */,
				5A062064C2845A79C5647E80 /* Pods-dreamy-dreamyUITests.release.xcconfig */,
				5D5A8718F1E6943B207382B3 /* Pods-dreamyTests.debug.xcconfig */,
				1070910227BB246771FC5C80 /* Pods-dreamyTests.release.xcconfig */,
			);
			path = Pods;
			sourceTree = "<group>";
		};
/* End PBXGroup section */

/* Begin PBXNativeTarget section */
		94802D8529CDD0120015AC3D /* dreamy */ = {
			isa = PBXNativeTarget;
			buildConfigurationList = 94802DB329CDD0130015AC3D /* Build configuration list for PBXNativeTarget "dreamy" */;
			buildPhases = (
				5891421F5270D84D048FCD84 /* [CP] Check Pods Manifest.lock */,
				94802D8229CDD0120015AC3D /* Sources */,
				94802D8329CDD0120015AC3D /* Frameworks */,
				94802D8429CDD0120015AC3D /* Resources */,
				45784349CFB9897F27A41A0E /* [CP] Embed Pods Frameworks */,
			);
			buildRules = (
			);
			dependencies = (
			);
			name = dreamy;
			productName = dreamy;
			productReference = 94802D8629CDD0120015AC3D /* dreamy.app */;
			productType = "com.apple.product-type.application";
		};
		94802D9E29CDD0130015AC3D /* dreamyTests */ = {
			isa = PBXNativeTarget;
			buildConfigurationList = 94802DB629CDD0130015AC3D /* Build configuration list for PBXNativeTarget "dreamyTests" */;
			buildPhases = (
				DB4ED79CE3A16B48B66B3217 /* [CP] Check Pods Manifest.lock */,
				94802D9B29CDD0130015AC3D /* Sources */,
				94802D9C29CDD0130015AC3D /* Frameworks */,
				94802D9D29CDD0130015AC3D /* Resources */,
			);
			buildRules = (
			);
			dependencies = (
				94802DA129CDD0130015AC3D /* PBXTargetDependency */,
			);
			name = dreamyTests;
			productName = dreamyTests;
			productReference = 94802D9F29CDD0130015AC3D /* dreamyTests.xctest */;
			productType = "com.apple.product-type.bundle.unit-test";
		};
		94802DA829CDD0130015AC3D /* dreamyUITests */ = {
			isa = PBXNativeTarget;
			buildConfigurationList = 94802DB929CDD0130015AC3D /* Build configuration list for PBXNativeTarget "dreamyUITests" */;
			buildPhases = (
				1122D16AC8C54A67C9031C60 /* [CP] Check Pods Manifest.lock */,
				94802DA529CDD0130015AC3D /* Sources */,
				94802DA629CDD0130015AC3D /* Frameworks */,
				94802DA729CDD0130015AC3D /* Resources */,
				068FADE4BEAE22A13C49064B /* [CP] Embed Pods Frameworks */,
			);
			buildRules = (
			);
			dependencies = (
				94802DAB29CDD0130015AC3D /* PBXTargetDependency */,
			);
			name = dreamyUITests;
			productName = dreamyUITests;
			productReference = 94802DA929CDD0130015AC3D /* dreamyUITests.xctest */;
			productType = "com.apple.product-type.bundle.ui-testing";
		};
/* End PBXNativeTarget section */

/* Begin PBXProject section */
		94802D7E29CDD0120015AC3D /* Project object */ = {
			isa = PBXProject;
			attributes = {
				BuildIndependentTargetsInParallel = 1;
				LastSwiftUpdateCheck = 1420;
				LastUpgradeCheck = 1420;
				TargetAttributes = {
					94802D8529CDD0120015AC3D = {
						CreatedOnToolsVersion = 14.2;
					};
					94802D9E29CDD0130015AC3D = {
						CreatedOnToolsVersion = 14.2;
						TestTargetID = 94802D8529CDD0120015AC3D;
					};
					94802DA829CDD0130015AC3D = {
						CreatedOnToolsVersion = 14.2;
						TestTargetID = 94802D8529CDD0120015AC3D;
					};
				};
			};
			buildConfigurationList = 94802D8129CDD0120015AC3D /* Build configuration list for PBXProject "dreamy" */;
			compatibilityVersion = "Xcode 14.0";
			developmentRegion = en;
			hasScannedForEncodings = 0;
			knownRegions = (
				en,
				Base,
			);
			mainGroup = 94802D7D29CDD0120015AC3D;
			productRefGroup = 94802D8729CDD0120015AC3D /* Products */;
			projectDirPath = "";
			projectRoot = "";
			targets = (
				94802D8529CDD0120015AC3D /* dreamy */,
				94802D9E29CDD0130015AC3D /* dreamyTests */,
				94802DA829CDD0130015AC3D /* dreamyUITests */,
			);
		};
/* End PBXProject section */

/* Begin PBXResourcesBuildPhase section */
		94802D8429CDD0120015AC3D /* Resources */ = {
			isa = PBXResourcesBuildPhase;
			buildActionMask = 2147483647;
			files = (
				9480302E29CDD1B10015AC3D /* map_present.png in Resources */,
				9480302429CDD1B10015AC3D /* map_pin@3x.png in Resources */,
				9480302229CDD1B10015AC3D /* map_pin_red@3x.png in Resources */,
				9480302D29CDD1B10015AC3D /* map_pin.png in Resources */,
				9480302629CDD1B10015AC3D /* map_pin_red.png in Resources */,
				9480301829CDD1B10015AC3D /* map_pinup_custom@3x.png in Resources */,
				9480302029CDD1B10015AC3D /* copyright.png in Resources */,
				9480301F29CDD1B10015AC3D /* map_pin_shadow@3x.png in Resources */,
				94802D9929CDD0130015AC3D /* LaunchScreen.storyboard in Resources */,
				9480302329CDD1B10015AC3D /* daum_copyright.png in Resources */,
				9480302729CDD1B10015AC3D /* info_box.png in Resources */,
				9480301D29CDD1B10015AC3D /* map_pin_custom@3x.png in Resources */,
				9480303229CDD1B10015AC3D /* map_pin_shadow.png in Resources */,
				947C272429CF48F300FDC3F8 /* 1차_가게리스트.csv in Resources */,
				9480302529CDD1B10015AC3D /* map_present_tracking.png in Resources */,
				9480301C29CDD1B10015AC3D /* detail_button.png in Resources */,
				9480302F29CDD1B10015AC3D /* noimage.png in Resources */,
				9480302129CDD1B10015AC3D /* th_line.png in Resources */,
				9480302A29CDD1B10015AC3D /* info_box_tail.png in Resources */,
				9480301929CDD1B10015AC3D /* map_pin_custom.png in Resources */,
				9480302929CDD1B10015AC3D /* map_pinup_custom.png in Resources */,
				9480301E29CDD1B10015AC3D /* map_pinup@3x.png in Resources */,
				9480302829CDD1B10015AC3D /* point_sprite.png in Resources */,
				9480303029CDD1B10015AC3D /* map_present_background_update.png in Resources */,
				9480302C29CDD1B10015AC3D /* map_present_direction.png in Resources */,
				9480302B29CDD1B10015AC3D /* noimage256.png in Resources */,
				9480301A29CDD1B10015AC3D /* shadow_balloon.png in Resources */,
				94802D9629CDD0130015AC3D /* Assets.xcassets in Resources */,
				94802D9129CDD0120015AC3D /* Main.storyboard in Resources */,
				9480303129CDD1B10015AC3D /* daum_th_line.png in Resources */,
				9480301B29CDD1B10015AC3D /* map_pinup.png in Resources */,
			);
			runOnlyForDeploymentPostprocessing = 0;
		};
		94802D9D29CDD0130015AC3D /* Resources */ = {
			isa = PBXResourcesBuildPhase;
			buildActionMask = 2147483647;
			files = (
			);
			runOnlyForDeploymentPostprocessing = 0;
		};
		94802DA729CDD0130015AC3D /* Resources */ = {
			isa = PBXResourcesBuildPhase;
			buildActionMask = 2147483647;
			files = (
			);
			runOnlyForDeploymentPostprocessing = 0;
		};
/* End PBXResourcesBuildPhase section */

/* Begin PBXShellScriptBuildPhase section */
		068FADE4BEAE22A13C49064B /* [CP] Embed Pods Frameworks */ = {
			isa = PBXShellScriptBuildPhase;
			buildActionMask = 2147483647;
			files = (
			);
			inputFileListPaths = (
				"${PODS_ROOT}/Target Support Files/Pods-dreamy-dreamyUITests/Pods-dreamy-dreamyUITests-frameworks-${CONFIGURATION}-input-files.xcfilelist",
			);
			name = "[CP] Embed Pods Frameworks";
			outputFileListPaths = (
				"${PODS_ROOT}/Target Support Files/Pods-dreamy-dreamyUITests/Pods-dreamy-dreamyUITests-frameworks-${CONFIGURATION}-output-files.xcfilelist",
			);
			runOnlyForDeploymentPostprocessing = 0;
			shellPath = /bin/sh;
			shellScript = "\"${PODS_ROOT}/Target Support Files/Pods-dreamy-dreamyUITests/Pods-dreamy-dreamyUITests-frameworks.sh\"\n";
			showEnvVarsInLog = 0;
		};
		1122D16AC8C54A67C9031C60 /* [CP] Check Pods Manifest.lock */ = {
			isa = PBXShellScriptBuildPhase;
			buildActionMask = 2147483647;
			files = (
			);
			inputFileListPaths = (
			);
			inputPaths = (
				"${PODS_PODFILE_DIR_PATH}/Podfile.lock",
				"${PODS_ROOT}/Manifest.lock",
			);
			name = "[CP] Check Pods Manifest.lock";
			outputFileListPaths = (
			);
			outputPaths = (
				"$(DERIVED_FILE_DIR)/Pods-dreamy-dreamyUITests-checkManifestLockResult.txt",
			);
			runOnlyForDeploymentPostprocessing = 0;
			shellPath = /bin/sh;
			shellScript = "diff \"${PODS_PODFILE_DIR_PATH}/Podfile.lock\" \"${PODS_ROOT}/Manifest.lock\" > /dev/null\nif [ $? != 0 ] ; then\n    # print error to STDERR\n    echo \"error: The sandbox is not in sync with the Podfile.lock. Run 'pod install' or update your CocoaPods installation.\" >&2\n    exit 1\nfi\n# This output is used by Xcode 'outputs' to avoid re-running this script phase.\necho \"SUCCESS\" > \"${SCRIPT_OUTPUT_FILE_0}\"\n";
			showEnvVarsInLog = 0;
		};
		45784349CFB9897F27A41A0E /* [CP] Embed Pods Frameworks */ = {
			isa = PBXShellScriptBuildPhase;
			buildActionMask = 2147483647;
			files = (
			);
			inputFileListPaths = (
				"${PODS_ROOT}/Target Support Files/Pods-dreamy/Pods-dreamy-frameworks-${CONFIGURATION}-input-files.xcfilelist",
			);
			name = "[CP] Embed Pods Frameworks";
			outputFileListPaths = (
				"${PODS_ROOT}/Target Support Files/Pods-dreamy/Pods-dreamy-frameworks-${CONFIGURATION}-output-files.xcfilelist",
			);
			runOnlyForDeploymentPostprocessing = 0;
			shellPath = /bin/sh;
			shellScript = "\"${PODS_ROOT}/Target Support Files/Pods-dreamy/Pods-dreamy-frameworks.sh\"\n";
			showEnvVarsInLog = 0;
		};
		5891421F5270D84D048FCD84 /* [CP] Check Pods Manifest.lock */ = {
			isa = PBXShellScriptBuildPhase;
			buildActionMask = 2147483647;
			files = (
			);
			inputFileListPaths = (
			);
			inputPaths = (
				"${PODS_PODFILE_DIR_PATH}/Podfile.lock",
				"${PODS_ROOT}/Manifest.lock",
			);
			name = "[CP] Check Pods Manifest.lock";
			outputFileListPaths = (
			);
			outputPaths = (
				"$(DERIVED_FILE_DIR)/Pods-dreamy-checkManifestLockResult.txt",
			);
			runOnlyForDeploymentPostprocessing = 0;
			shellPath = /bin/sh;
			shellScript = "diff \"${PODS_PODFILE_DIR_PATH}/Podfile.lock\" \"${PODS_ROOT}/Manifest.lock\" > /dev/null\nif [ $? != 0 ] ; then\n    # print error to STDERR\n    echo \"error: The sandbox is not in sync with the Podfile.lock. Run 'pod install' or update your CocoaPods installation.\" >&2\n    exit 1\nfi\n# This output is used by Xcode 'outputs' to avoid re-running this script phase.\necho \"SUCCESS\" > \"${SCRIPT_OUTPUT_FILE_0}\"\n";
			showEnvVarsInLog = 0;
		};
		DB4ED79CE3A16B48B66B3217 /* [CP] Check Pods Manifest.lock */ = {
			isa = PBXShellScriptBuildPhase;
			buildActionMask = 2147483647;
			files = (
			);
			inputFileListPaths = (
			);
			inputPaths = (
				"${PODS_PODFILE_DIR_PATH}/Podfile.lock",
				"${PODS_ROOT}/Manifest.lock",
			);
			name = "[CP] Check Pods Manifest.lock";
			outputFileListPaths = (
			);
			outputPaths = (
				"$(DERIVED_FILE_DIR)/Pods-dreamyTests-checkManifestLockResult.txt",
			);
			runOnlyForDeploymentPostprocessing = 0;
			shellPath = /bin/sh;
			shellScript = "diff \"${PODS_PODFILE_DIR_PATH}/Podfile.lock\" \"${PODS_ROOT}/Manifest.lock\" > /dev/null\nif [ $? != 0 ] ; then\n    # print error to STDERR\n    echo \"error: The sandbox is not in sync with the Podfile.lock. Run 'pod install' or update your CocoaPods installation.\" >&2\n    exit 1\nfi\n# This output is used by Xcode 'outputs' to avoid re-running this script phase.\necho \"SUCCESS\" > \"${SCRIPT_OUTPUT_FILE_0}\"\n";
			showEnvVarsInLog = 0;
		};
/* End PBXShellScriptBuildPhase section */

/* Begin PBXSourcesBuildPhase section */
		94802D8229CDD0120015AC3D /* Sources */ = {
			isa = PBXSourcesBuildPhase;
			buildActionMask = 2147483647;
			files = (
				94802D8E29CDD0120015AC3D /* ViewController.swift in Sources */,
				94802D9429CDD0120015AC3D /* dreamy.xcdatamodeld in Sources */,
				94802D8A29CDD0120015AC3D /* AppDelegate.swift in Sources */,
				9480304829CE073B0015AC3D /* MapViewController.swift in Sources */,
				947C272729CF589C00FDC3F8 /* Struct.swift in Sources */,
				947C271A29CF2F5400FDC3F8 /* TableViewCell.swift in Sources */,
				94BF454229CEF165002D855E /* TouchBlockIntrinsicPanelLayout.swift in Sources */,
				947C272229CF395F00FDC3F8 /* MapPin.swift in Sources */,
				94BF454629CEF4AB002D855E /* SelfSizingTableView.swift in Sources */,
				943860D429E324F300F86A9F /* StoreDetailViewController.swift in Sources */,
				947C271D29CF2FE400FDC3F8 /* CustomBottomSheetVC.swift in Sources */,
				947C272029CF38B500FDC3F8 /* Search.swift in Sources */,
				94802D8C29CDD0120015AC3D /* SceneDelegate.swift in Sources */,
				946336F529E97BFC002EC3DE /* LoginViewController.swift in Sources */,
				94BF454429CEF41B002D855E /* BottomSheetViewController.swift in Sources */,
				946336F829EAF48F002EC3DE /* FoodSharingListVC.swift in Sources */,
				945D907A29D89383007F0FD2 /* ButtonCollectionViewCell.swift in Sources */,
				947C272929CF842F00FDC3F8 /* MapLoadDB.swift in Sources */,
				946336FC29EB07B2002EC3DE /* FoodSharingModel.swift in Sources */,
				946336FE29EB0933002EC3DE /* FoodSharingListCell.swift in Sources */,
				946336FA29EAF6FD002EC3DE /* FoodShareLoadDB.swift in Sources */,
			);
			runOnlyForDeploymentPostprocessing = 0;
		};
		94802D9B29CDD0130015AC3D /* Sources */ = {
			isa = PBXSourcesBuildPhase;
			buildActionMask = 2147483647;
			files = (
				94802DA429CDD0130015AC3D /* dreamyTests.swift in Sources */,
			);
			runOnlyForDeploymentPostprocessing = 0;
		};
		94802DA529CDD0130015AC3D /* Sources */ = {
			isa = PBXSourcesBuildPhase;
			buildActionMask = 2147483647;
			files = (
				94802DB029CDD0130015AC3D /* dreamyUITestsLaunchTests.swift in Sources */,
				94802DAE29CDD0130015AC3D /* dreamyUITests.swift in Sources */,
			);
			runOnlyForDeploymentPostprocessing = 0;
		};
/* End PBXSourcesBuildPhase section */

/* Begin PBXTargetDependency section */
		94802DA129CDD0130015AC3D /* PBXTargetDependency */ = {
			isa = PBXTargetDependency;
			target = 94802D8529CDD0120015AC3D /* dreamy */;
			targetProxy = 94802DA029CDD0130015AC3D /* PBXContainerItemProxy */;
		};
		94802DAB29CDD0130015AC3D /* PBXTargetDependency */ = {
			isa = PBXTargetDependency;
			target = 94802D8529CDD0120015AC3D /* dreamy */;
			targetProxy = 94802DAA29CDD0130015AC3D /* PBXContainerItemProxy */;
		};
/* End PBXTargetDependency section */

/* Begin PBXVariantGroup section */
		94802D8F29CDD0120015AC3D /* Main.storyboard */ = {
			isa = PBXVariantGroup;
			children = (
				94802D9029CDD0120015AC3D /* Base */,
			);
			name = Main.storyboard;
			sourceTree = "<group>";
		};
		94802D9729CDD0130015AC3D /* LaunchScreen.storyboard */ = {
			isa = PBXVariantGroup;
			children = (
				94802D9829CDD0130015AC3D /* Base */,
			);
			name = LaunchScreen.storyboard;
			sourceTree = "<group>";
		};
/* End PBXVariantGroup section */

/* Begin XCBuildConfiguration section */
		94802DB129CDD0130015AC3D /* Debug */ = {
			isa = XCBuildConfiguration;
			buildSettings = {
				ALWAYS_EMBED_SWIFT_STANDARD_LIBRARIES = YES;
				ALWAYS_SEARCH_USER_PATHS = NO;
				CLANG_ANALYZER_NONNULL = YES;
				CLANG_ANALYZER_NUMBER_OBJECT_CONVERSION = YES_AGGRESSIVE;
				CLANG_CXX_LANGUAGE_STANDARD = "gnu++20";
				CLANG_ENABLE_MODULES = YES;
				CLANG_ENABLE_OBJC_ARC = NO;
				CLANG_ENABLE_OBJC_WEAK = NO;
				CLANG_WARN_BLOCK_CAPTURE_AUTORELEASING = YES;
				CLANG_WARN_BOOL_CONVERSION = YES;
				CLANG_WARN_COMMA = YES;
				CLANG_WARN_CONSTANT_CONVERSION = YES;
				CLANG_WARN_DEPRECATED_OBJC_IMPLEMENTATIONS = YES;
				CLANG_WARN_DIRECT_OBJC_ISA_USAGE = YES_ERROR;
				CLANG_WARN_DOCUMENTATION_COMMENTS = YES;
				CLANG_WARN_EMPTY_BODY = YES;
				CLANG_WARN_ENUM_CONVERSION = YES;
				CLANG_WARN_INFINITE_RECURSION = YES;
				CLANG_WARN_INT_CONVERSION = YES;
				CLANG_WARN_NON_LITERAL_NULL_CONVERSION = YES;
				CLANG_WARN_OBJC_IMPLICIT_RETAIN_SELF = YES;
				CLANG_WARN_OBJC_LITERAL_CONVERSION = YES;
				CLANG_WARN_OBJC_ROOT_CLASS = YES_ERROR;
				CLANG_WARN_QUOTED_INCLUDE_IN_FRAMEWORK_HEADER = YES;
				CLANG_WARN_RANGE_LOOP_ANALYSIS = YES;
				CLANG_WARN_STRICT_PROTOTYPES = YES;
				CLANG_WARN_SUSPICIOUS_MOVE = YES;
				CLANG_WARN_UNGUARDED_AVAILABILITY = YES_AGGRESSIVE;
				CLANG_WARN_UNREACHABLE_CODE = YES;
				CLANG_WARN__DUPLICATE_METHOD_MATCH = YES;
				COPY_PHASE_STRIP = NO;
				DEBUG_INFORMATION_FORMAT = dwarf;
				ENABLE_STRICT_OBJC_MSGSEND = YES;
				ENABLE_TESTABILITY = YES;
				GCC_C_LANGUAGE_STANDARD = gnu11;
				GCC_DYNAMIC_NO_PIC = NO;
				GCC_NO_COMMON_BLOCKS = YES;
				GCC_OPTIMIZATION_LEVEL = 0;
				GCC_PREPROCESSOR_DEFINITIONS = (
					"DEBUG=1",
					"$(inherited)",
				);
				GCC_WARN_64_TO_32_BIT_CONVERSION = YES;
				GCC_WARN_ABOUT_RETURN_TYPE = YES_ERROR;
				GCC_WARN_UNDECLARED_SELECTOR = YES;
				GCC_WARN_UNINITIALIZED_AUTOS = YES_AGGRESSIVE;
				GCC_WARN_UNUSED_FUNCTION = YES;
				GCC_WARN_UNUSED_VARIABLE = YES;
				IPHONEOS_DEPLOYMENT_TARGET = 16.2;
				MTL_ENABLE_DEBUG_INFO = INCLUDE_SOURCE;
				MTL_FAST_MATH = YES;
				ONLY_ACTIVE_ARCH = NO;
				SDKROOT = iphoneos;
				SWIFT_ACTIVE_COMPILATION_CONDITIONS = DEBUG;
				SWIFT_OBJC_BRIDGING_HEADER = "/Users/jangjoonmo/Desktop/dreamy/dreamy/dreamy/dreamy-bridging-header.h";
				SWIFT_OPTIMIZATION_LEVEL = "-Onone";
			};
			name = Debug;
		};
		94802DB229CDD0130015AC3D /* Release */ = {
			isa = XCBuildConfiguration;
			buildSettings = {
				ALWAYS_EMBED_SWIFT_STANDARD_LIBRARIES = YES;
				ALWAYS_SEARCH_USER_PATHS = NO;
				CLANG_ANALYZER_NONNULL = YES;
				CLANG_ANALYZER_NUMBER_OBJECT_CONVERSION = YES_AGGRESSIVE;
				CLANG_CXX_LANGUAGE_STANDARD = "gnu++20";
				CLANG_ENABLE_MODULES = YES;
				CLANG_ENABLE_OBJC_ARC = NO;
				CLANG_ENABLE_OBJC_WEAK = NO;
				CLANG_WARN_BLOCK_CAPTURE_AUTORELEASING = YES;
				CLANG_WARN_BOOL_CONVERSION = YES;
				CLANG_WARN_COMMA = YES;
				CLANG_WARN_CONSTANT_CONVERSION = YES;
				CLANG_WARN_DEPRECATED_OBJC_IMPLEMENTATIONS = YES;
				CLANG_WARN_DIRECT_OBJC_ISA_USAGE = YES_ERROR;
				CLANG_WARN_DOCUMENTATION_COMMENTS = YES;
				CLANG_WARN_EMPTY_BODY = YES;
				CLANG_WARN_ENUM_CONVERSION = YES;
				CLANG_WARN_INFINITE_RECURSION = YES;
				CLANG_WARN_INT_CONVERSION = YES;
				CLANG_WARN_NON_LITERAL_NULL_CONVERSION = YES;
				CLANG_WARN_OBJC_IMPLICIT_RETAIN_SELF = YES;
				CLANG_WARN_OBJC_LITERAL_CONVERSION = YES;
				CLANG_WARN_OBJC_ROOT_CLASS = YES_ERROR;
				CLANG_WARN_QUOTED_INCLUDE_IN_FRAMEWORK_HEADER = YES;
				CLANG_WARN_RANGE_LOOP_ANALYSIS = YES;
				CLANG_WARN_STRICT_PROTOTYPES = YES;
				CLANG_WARN_SUSPICIOUS_MOVE = YES;
				CLANG_WARN_UNGUARDED_AVAILABILITY = YES_AGGRESSIVE;
				CLANG_WARN_UNREACHABLE_CODE = YES;
				CLANG_WARN__DUPLICATE_METHOD_MATCH = YES;
				COPY_PHASE_STRIP = NO;
				DEBUG_INFORMATION_FORMAT = "dwarf-with-dsym";
				ENABLE_NS_ASSERTIONS = NO;
				ENABLE_STRICT_OBJC_MSGSEND = YES;
				GCC_C_LANGUAGE_STANDARD = gnu11;
				GCC_NO_COMMON_BLOCKS = YES;
				GCC_WARN_64_TO_32_BIT_CONVERSION = YES;
				GCC_WARN_ABOUT_RETURN_TYPE = YES_ERROR;
				GCC_WARN_UNDECLARED_SELECTOR = YES;
				GCC_WARN_UNINITIALIZED_AUTOS = YES_AGGRESSIVE;
				GCC_WARN_UNUSED_FUNCTION = YES;
				GCC_WARN_UNUSED_VARIABLE = YES;
				IPHONEOS_DEPLOYMENT_TARGET = 16.2;
				MTL_ENABLE_DEBUG_INFO = NO;
				MTL_FAST_MATH = YES;
				ONLY_ACTIVE_ARCH = NO;
				SDKROOT = iphoneos;
				SWIFT_COMPILATION_MODE = wholemodule;
				SWIFT_OBJC_BRIDGING_HEADER = "/Users/jangjoonmo/Desktop/dreamy/dreamy/dreamy/dreamy-bridging-header.h";
				SWIFT_OPTIMIZATION_LEVEL = "-O";
				VALIDATE_PRODUCT = YES;
			};
			name = Release;
		};
		94802DB429CDD0130015AC3D /* Debug */ = {
			isa = XCBuildConfiguration;
			baseConfigurationReference = 0BB666D2082F4703B885DFAC /* Pods-dreamy.debug.xcconfig */;
			buildSettings = {
				ASSETCATALOG_COMPILER_APPICON_NAME = AppIcon;
				ASSETCATALOG_COMPILER_GLOBAL_ACCENT_COLOR_NAME = AccentColor;
				CODE_SIGN_STYLE = Automatic;
				CURRENT_PROJECT_VERSION = 1;
				"EXCLUDED_ARCHS[sdk=iphonesimulator*]" = arm64;
				FRAMEWORK_SEARCH_PATHS = (
					"$(inherited)",
					"$(PROJECT_DIR)",
					"$(PROJECT_DIR)/dreamy/IOS_DaumMap_SDK_1.4.0/lib/DaumMap.embeddedframework",
					"$(PROJECT_DIR)/dreamy/DaumMap.embeddedframework",
					"$(PROJECT_DIR)/DaumMap.embeddedframework",
				);
				GENERATE_INFOPLIST_FILE = YES;
				INFOPLIST_FILE = dreamy/Info.plist;
				INFOPLIST_KEY_NSLocationAlwaysAndWhenInUseUsageDescription = "";
				INFOPLIST_KEY_NSLocationAlwaysUsageDescription = "";
				INFOPLIST_KEY_NSLocationWhenInUseUsageDescription = "";
				INFOPLIST_KEY_UIApplicationSupportsIndirectInputEvents = YES;
				INFOPLIST_KEY_UILaunchStoryboardName = LaunchScreen;
				INFOPLIST_KEY_UIMainStoryboardFile = Main;
				INFOPLIST_KEY_UISupportedInterfaceOrientations_iPad = "UIInterfaceOrientationPortrait UIInterfaceOrientationPortraitUpsideDown UIInterfaceOrientationLandscapeLeft UIInterfaceOrientationLandscapeRight";
				INFOPLIST_KEY_UISupportedInterfaceOrientations_iPhone = "UIInterfaceOrientationPortrait UIInterfaceOrientationLandscapeLeft UIInterfaceOrientationLandscapeRight";
				IPHONEOS_DEPLOYMENT_TARGET = 16.4;
				LD_RUNPATH_SEARCH_PATHS = (
					"$(inherited)",
					"@executable_path/Frameworks",
				);
				MARKETING_VERSION = 1.0;
				ONLY_ACTIVE_ARCH = NO;
				PRODUCT_BUNDLE_IDENTIFIER = jm.dreamy;
				PRODUCT_NAME = "$(TARGET_NAME)";
				SWIFT_EMIT_LOC_STRINGS = YES;
				SWIFT_VERSION = 5.0;
				TARGETED_DEVICE_FAMILY = "1,2";
			};
			name = Debug;
		};
		94802DB529CDD0130015AC3D /* Release */ = {
			isa = XCBuildConfiguration;
			baseConfigurationReference = 0C4C9CAA0F08A80EF69A5AF1 /* Pods-dreamy.release.xcconfig */;
			buildSettings = {
				ASSETCATALOG_COMPILER_APPICON_NAME = AppIcon;
				ASSETCATALOG_COMPILER_GLOBAL_ACCENT_COLOR_NAME = AccentColor;
				CODE_SIGN_STYLE = Automatic;
				CURRENT_PROJECT_VERSION = 1;
				"EXCLUDED_ARCHS[sdk=iphonesimulator*]" = arm64;
				FRAMEWORK_SEARCH_PATHS = (
					"$(inherited)",
					"$(PROJECT_DIR)",
					"$(PROJECT_DIR)/dreamy/IOS_DaumMap_SDK_1.4.0/lib/DaumMap.embeddedframework",
					"$(PROJECT_DIR)/dreamy/DaumMap.embeddedframework",
					"$(PROJECT_DIR)/DaumMap.embeddedframework",
				);
				GENERATE_INFOPLIST_FILE = YES;
				INFOPLIST_FILE = dreamy/Info.plist;
				INFOPLIST_KEY_NSLocationAlwaysAndWhenInUseUsageDescription = "";
				INFOPLIST_KEY_NSLocationAlwaysUsageDescription = "";
				INFOPLIST_KEY_NSLocationWhenInUseUsageDescription = "";
				INFOPLIST_KEY_UIApplicationSupportsIndirectInputEvents = YES;
				INFOPLIST_KEY_UILaunchStoryboardName = LaunchScreen;
				INFOPLIST_KEY_UIMainStoryboardFile = Main;
				INFOPLIST_KEY_UISupportedInterfaceOrientations_iPad = "UIInterfaceOrientationPortrait UIInterfaceOrientationPortraitUpsideDown UIInterfaceOrientationLandscapeLeft UIInterfaceOrientationLandscapeRight";
				INFOPLIST_KEY_UISupportedInterfaceOrientations_iPhone = "UIInterfaceOrientationPortrait UIInterfaceOrientationLandscapeLeft UIInterfaceOrientationLandscapeRight";
				IPHONEOS_DEPLOYMENT_TARGET = 16.4;
				LD_RUNPATH_SEARCH_PATHS = (
					"$(inherited)",
					"@executable_path/Frameworks",
				);
				MARKETING_VERSION = 1.0;
				ONLY_ACTIVE_ARCH = NO;
				PRODUCT_BUNDLE_IDENTIFIER = jm.dreamy;
				PRODUCT_NAME = "$(TARGET_NAME)";
				SWIFT_EMIT_LOC_STRINGS = YES;
				SWIFT_VERSION = 5.0;
				TARGETED_DEVICE_FAMILY = "1,2";
			};
			name = Release;
		};
		94802DB729CDD0130015AC3D /* Debug */ = {
			isa = XCBuildConfiguration;
			baseConfigurationReference = 5D5A8718F1E6943B207382B3 /* Pods-dreamyTests.debug.xcconfig */;
			buildSettings = {
				ALWAYS_EMBED_SWIFT_STANDARD_LIBRARIES = YES;
				BUNDLE_LOADER = "$(TEST_HOST)";
				CODE_SIGN_STYLE = Automatic;
				CURRENT_PROJECT_VERSION = 1;
				GENERATE_INFOPLIST_FILE = YES;
				IPHONEOS_DEPLOYMENT_TARGET = 16.2;
				MARKETING_VERSION = 1.0;
				PRODUCT_BUNDLE_IDENTIFIER = jm.dreamyTests;
				PRODUCT_NAME = "$(TARGET_NAME)";
				SWIFT_EMIT_LOC_STRINGS = NO;
				SWIFT_VERSION = 5.0;
				TARGETED_DEVICE_FAMILY = "1,2";
				TEST_HOST = "$(BUILT_PRODUCTS_DIR)/dreamy.app/$(BUNDLE_EXECUTABLE_FOLDER_PATH)/dreamy";
			};
			name = Debug;
		};
		94802DB829CDD0130015AC3D /* Release */ = {
			isa = XCBuildConfiguration;
			baseConfigurationReference = 1070910227BB246771FC5C80 /* Pods-dreamyTests.release.xcconfig */;
			buildSettings = {
				ALWAYS_EMBED_SWIFT_STANDARD_LIBRARIES = YES;
				BUNDLE_LOADER = "$(TEST_HOST)";
				CODE_SIGN_STYLE = Automatic;
				CURRENT_PROJECT_VERSION = 1;
				GENERATE_INFOPLIST_FILE = YES;
				IPHONEOS_DEPLOYMENT_TARGET = 16.2;
				MARKETING_VERSION = 1.0;
				PRODUCT_BUNDLE_IDENTIFIER = jm.dreamyTests;
				PRODUCT_NAME = "$(TARGET_NAME)";
				SWIFT_EMIT_LOC_STRINGS = NO;
				SWIFT_VERSION = 5.0;
				TARGETED_DEVICE_FAMILY = "1,2";
				TEST_HOST = "$(BUILT_PRODUCTS_DIR)/dreamy.app/$(BUNDLE_EXECUTABLE_FOLDER_PATH)/dreamy";
			};
			name = Release;
		};
		94802DBA29CDD0130015AC3D /* Debug */ = {
			isa = XCBuildConfiguration;
			baseConfigurationReference = EF639CE75FA8C0A26E63A510 /* Pods-dreamy-dreamyUITests.debug.xcconfig */;
			buildSettings = {
				ALWAYS_EMBED_SWIFT_STANDARD_LIBRARIES = YES;
				CODE_SIGN_STYLE = Automatic;
				CURRENT_PROJECT_VERSION = 1;
				GENERATE_INFOPLIST_FILE = YES;
				MARKETING_VERSION = 1.0;
				PRODUCT_BUNDLE_IDENTIFIER = jm.dreamyUITests;
				PRODUCT_NAME = "$(TARGET_NAME)";
				SWIFT_EMIT_LOC_STRINGS = NO;
				SWIFT_VERSION = 5.0;
				TARGETED_DEVICE_FAMILY = "1,2";
				TEST_TARGET_NAME = dreamy;
			};
			name = Debug;
		};
		94802DBB29CDD0130015AC3D /* Release */ = {
			isa = XCBuildConfiguration;
			baseConfigurationReference = 5A062064C2845A79C5647E80 /* Pods-dreamy-dreamyUITests.release.xcconfig */;
			buildSettings = {
				ALWAYS_EMBED_SWIFT_STANDARD_LIBRARIES = YES;
				CODE_SIGN_STYLE = Automatic;
				CURRENT_PROJECT_VERSION = 1;
				GENERATE_INFOPLIST_FILE = YES;
				MARKETING_VERSION = 1.0;
				PRODUCT_BUNDLE_IDENTIFIER = jm.dreamyUITests;
				PRODUCT_NAME = "$(TARGET_NAME)";
				SWIFT_EMIT_LOC_STRINGS = NO;
				SWIFT_VERSION = 5.0;
				TARGETED_DEVICE_FAMILY = "1,2";
				TEST_TARGET_NAME = dreamy;
			};
			name = Release;
		};
/* End XCBuildConfiguration section */

/* Begin XCConfigurationList section */
		94802D8129CDD0120015AC3D /* Build configuration list for PBXProject "dreamy" */ = {
			isa = XCConfigurationList;
			buildConfigurations = (
				94802DB129CDD0130015AC3D /* Debug */,
				94802DB229CDD0130015AC3D /* Release */,
			);
			defaultConfigurationIsVisible = 0;
			defaultConfigurationName = Release;
		};
		94802DB329CDD0130015AC3D /* Build configuration list for PBXNativeTarget "dreamy" */ = {
			isa = XCConfigurationList;
			buildConfigurations = (
				94802DB429CDD0130015AC3D /* Debug */,
				94802DB529CDD0130015AC3D /* Release */,
			);
			defaultConfigurationIsVisible = 0;
			defaultConfigurationName = Release;
		};
		94802DB629CDD0130015AC3D /* Build configuration list for PBXNativeTarget "dreamyTests" */ = {
			isa = XCConfigurationList;
			buildConfigurations = (
				94802DB729CDD0130015AC3D /* Debug */,
				94802DB829CDD0130015AC3D /* Release */,
			);
			defaultConfigurationIsVisible = 0;
			defaultConfigurationName = Release;
		};
		94802DB929CDD0130015AC3D /* Build configuration list for PBXNativeTarget "dreamyUITests" */ = {
			isa = XCConfigurationList;
			buildConfigurations = (
				94802DBA29CDD0130015AC3D /* Debug */,
				94802DBB29CDD0130015AC3D /* Release */,
			);
			defaultConfigurationIsVisible = 0;
			defaultConfigurationName = Release;
		};
/* End XCConfigurationList section */

/* Begin XCVersionGroup section */
		94802D9229CDD0120015AC3D /* dreamy.xcdatamodeld */ = {
			isa = XCVersionGroup;
			children = (
				94802D9329CDD0120015AC3D /* dreamy.xcdatamodel */,
			);
			currentVersion = 94802D9329CDD0120015AC3D /* dreamy.xcdatamodel */;
			path = dreamy.xcdatamodeld;
			sourceTree = "<group>";
			versionGroupType = wrapper.xcdatamodel;
		};
/* End XCVersionGroup section */
	};
	rootObject = 94802D7E29CDD0120015AC3D /* Project object */;
}
